// !$*UTF8*$!
{
	archiveVersion = 1;
	classes = {
	};
	objectVersion = 56;
	objects = {

/* Begin PBXBuildFile section */
		8A71EFCE2BBE63DD000F3DB0 /* gpxqueryApp.swift in Sources */ = {isa = PBXBuildFile; fileRef = 8A71EFCD2BBE63DD000F3DB0 /* gpxqueryApp.swift */; };
		8A71EFD02BBE63DD000F3DB0 /* ContentView.swift in Sources */ = {isa = PBXBuildFile; fileRef = 8A71EFCF2BBE63DD000F3DB0 /* ContentView.swift */; };
		8A71EFD22BBE63DE000F3DB0 /* Assets.xcassets in Resources */ = {isa = PBXBuildFile; fileRef = 8A71EFD12BBE63DE000F3DB0 /* Assets.xcassets */; };
		8A71EFD52BBE63DE000F3DB0 /* Preview Assets.xcassets in Resources */ = {isa = PBXBuildFile; fileRef = 8A71EFD42BBE63DE000F3DB0 /* Preview Assets.xcassets */; };
		8A71EFE02BBE63DE000F3DB0 /* gpxqueryTests.swift in Sources */ = {isa = PBXBuildFile; fileRef = 8A71EFDF2BBE63DE000F3DB0 /* gpxqueryTests.swift */; };
		8A71EFEA2BBE63DF000F3DB0 /* gpxqueryUITests.swift in Sources */ = {isa = PBXBuildFile; fileRef = 8A71EFE92BBE63DF000F3DB0 /* gpxqueryUITests.swift */; };
		8A71EFEC2BBE63DF000F3DB0 /* gpxqueryUITestsLaunchTests.swift in Sources */ = {isa = PBXBuildFile; fileRef = 8A71EFEB2BBE63DF000F3DB0 /* gpxqueryUITestsLaunchTests.swift */; };
/* End PBXBuildFile section */

/* Begin PBXContainerItemProxy section */
		8A71EFDC2BBE63DE000F3DB0 /* PBXContainerItemProxy */ = {
			isa = PBXContainerItemProxy;
			containerPortal = 8A71EFC22BBE63DD000F3DB0 /* Project object */;
			proxyType = 1;
			remoteGlobalIDString = 8A71EFC92BBE63DD000F3DB0;
			remoteInfo = gpxquery;
		};
		8A71EFE62BBE63DF000F3DB0 /* PBXContainerItemProxy */ = {
			isa = PBXContainerItemProxy;
			containerPortal = 8A71EFC22BBE63DD000F3DB0 /* Project object */;
			proxyType = 1;
			remoteGlobalIDString = 8A71EFC92BBE63DD000F3DB0;
			remoteInfo = gpxquery;
		};
/* End PBXContainerItemProxy section */

/* Begin PBXFileReference section */
		8A71EFCA2BBE63DD000F3DB0 /* gpxquery.app */ = {isa = PBXFileReference; explicitFileType = wrapper.application; includeInIndex = 0; path = gpxquery.app; sourceTree = BUILT_PRODUCTS_DIR; };
		8A71EFCD2BBE63DD000F3DB0 /* gpxqueryApp.swift */ = {isa = PBXFileReference; lastKnownFileType = sourcecode.swift; path = gpxqueryApp.swift; sourceTree = "<group>"; };
		8A71EFCF2BBE63DD000F3DB0 /* ContentView.swift */ = {isa = PBXFileReference; lastKnownFileType = sourcecode.swift; path = ContentView.swift; sourceTree = "<group>"; };
		8A71EFD12BBE63DE000F3DB0 /* Assets.xcassets */ = {isa = PBXFileReference; lastKnownFileType = folder.assetcatalog; path = Assets.xcassets; sourceTree = "<group>"; };
		8A71EFD42BBE63DE000F3DB0 /* Preview Assets.xcassets */ = {isa = PBXFileReference; lastKnownFileType = folder.assetcatalog; path = "Preview Assets.xcassets"; sourceTree = "<group>"; };
		8A71EFD62BBE63DE000F3DB0 /* gpxquery.entitlements */ = {isa = PBXFileReference; lastKnownFileType = text.plist.entitlements; path = gpxquery.entitlements; sourceTree = "<group>"; };
		8A71EFDB2BBE63DE000F3DB0 /* gpxqueryTests.xctest */ = {isa = PBXFileReference; explicitFileType = wrapper.cfbundle; includeInIndex = 0; path = gpxqueryTests.xctest; sourceTree = BUILT_PRODUCTS_DIR; };
		8A71EFDF2BBE63DE000F3DB0 /* gpxqueryTests.swift */ = {isa = PBXFileReference; lastKnownFileType = sourcecode.swift; path = gpxqueryTests.swift; sourceTree = "<group>"; };
		8A71EFE52BBE63DF000F3DB0 /* gpxqueryUITests.xctest */ = {isa = PBXFileReference; explicitFileType = wrapper.cfbundle; includeInIndex = 0; path = gpxqueryUITests.xctest; sourceTree = BUILT_PRODUCTS_DIR; };
		8A71EFE92BBE63DF000F3DB0 /* gpxqueryUITests.swift */ = {isa = PBXFileReference; lastKnownFileType = sourcecode.swift; path = gpxqueryUITests.swift; sourceTree = "<group>"; };
		8A71EFEB2BBE63DF000F3DB0 /* gpxqueryUITestsLaunchTests.swift */ = {isa = PBXFileReference; lastKnownFileType = sourcecode.swift; path = gpxqueryUITestsLaunchTests.swift; sourceTree = "<group>"; };
/* End PBXFileReference section */

/* Begin PBXFrameworksBuildPhase section */
		8A71EFC72BBE63DD000F3DB0 /* Frameworks */ = {
			isa = PBXFrameworksBuildPhase;
			buildActionMask = 2147483647;
			files = (
			);
			runOnlyForDeploymentPostprocessing = 0;
		};
		8A71EFD82BBE63DE000F3DB0 /* Frameworks */ = {
			isa = PBXFrameworksBuildPhase;
			buildActionMask = 2147483647;
			files = (
			);
			runOnlyForDeploymentPostprocessing = 0;
		};
		8A71EFE22BBE63DF000F3DB0 /* Frameworks */ = {
			isa = PBXFrameworksBuildPhase;
			buildActionMask = 2147483647;
			files = (
			);
			runOnlyForDeploymentPostprocessing = 0;
		};
/* End PBXFrameworksBuildPhase section */

/* Begin PBXGroup section */
		8A71EFC12BBE63DD000F3DB0 = {
			isa = PBXGroup;
			children = (
				8A71EFCC2BBE63DD000F3DB0 /* gpxquery */,
				8A71EFDE2BBE63DE000F3DB0 /* gpxqueryTests */,
				8A71EFE82BBE63DF000F3DB0 /* gpxqueryUITests */,
				8A71EFCB2BBE63DD000F3DB0 /* Products */,
			);
			sourceTree = "<group>";
		};
		8A71EFCB2BBE63DD000F3DB0 /* Products */ = {
			isa = PBXGroup;
			children = (
				8A71EFCA2BBE63DD000F3DB0 /* gpxquery.app */,
				8A71EFDB2BBE63DE000F3DB0 /* gpxqueryTests.xctest */,
				8A71EFE52BBE63DF000F3DB0 /* gpxqueryUITests.xctest */,
			);
			name = Products;
			sourceTree = "<group>";
		};
		8A71EFCC2BBE63DD000F3DB0 /* gpxquery */ = {
			isa = PBXGroup;
			children = (
				8A71EFCD2BBE63DD000F3DB0 /* gpxqueryApp.swift */,
				8A71EFCF2BBE63DD000F3DB0 /* ContentView.swift */,
				8A71EFD12BBE63DE000F3DB0 /* Assets.xcassets */,
				8A71EFD62BBE63DE000F3DB0 /* gpxquery.entitlements */,
				8A71EFD32BBE63DE000F3DB0 /* Preview Content */,
			);
			path = gpxquery;
			sourceTree = "<group>";
		};
		8A71EFD32BBE63DE000F3DB0 /* Preview Content */ = {
			isa = PBXGroup;
			children = (
				8A71EFD42BBE63DE000F3DB0 /* Preview Assets.xcassets */,
			);
			path = "Preview Content";
			sourceTree = "<group>";
		};
		8A71EFDE2BBE63DE000F3DB0 /* gpxqueryTests */ = {
			isa = PBXGroup;
			children = (
				8A71EFDF2BBE63DE000F3DB0 /* gpxqueryTests.swift */,
			);
			path = gpxqueryTests;
			sourceTree = "<group>";
		};
		8A71EFE82BBE63DF000F3DB0 /* gpxqueryUITests */ = {
			isa = PBXGroup;
			children = (
				8A71EFE92BBE63DF000F3DB0 /* gpxqueryUITests.swift */,
				8A71EFEB2BBE63DF000F3DB0 /* gpxqueryUITestsLaunchTests.swift */,
			);
			path = gpxqueryUITests;
			sourceTree = "<group>";
		};
/* End PBXGroup section */

/* Begin PBXNativeTarget section */
		8A71EFC92BBE63DD000F3DB0 /* gpxquery */ = {
			isa = PBXNativeTarget;
			buildConfigurationList = 8A71EFEF2BBE63DF000F3DB0 /* Build configuration list for PBXNativeTarget "gpxquery" */;
			buildPhases = (
				8A71EFC62BBE63DD000F3DB0 /* Sources */,
				8A71EFC72BBE63DD000F3DB0 /* Frameworks */,
				8A71EFC82BBE63DD000F3DB0 /* Resources */,
			);
			buildRules = (
			);
			dependencies = (
			);
			name = gpxquery;
			productName = gpxquery;
			productReference = 8A71EFCA2BBE63DD000F3DB0 /* gpxquery.app */;
			productType = "com.apple.product-type.application";
		};
		8A71EFDA2BBE63DE000F3DB0 /* gpxqueryTests */ = {
			isa = PBXNativeTarget;
			buildConfigurationList = 8A71EFF22BBE63DF000F3DB0 /* Build configuration list for PBXNativeTarget "gpxqueryTests" */;
			buildPhases = (
				8A71EFD72BBE63DE000F3DB0 /* Sources */,
				8A71EFD82BBE63DE000F3DB0 /* Frameworks */,
				8A71EFD92BBE63DE000F3DB0 /* Resources */,
			);
			buildRules = (
			);
			dependencies = (
				8A71EFDD2BBE63DE000F3DB0 /* PBXTargetDependency */,
			);
			name = gpxqueryTests;
			productName = gpxqueryTests;
			productReference = 8A71EFDB2BBE63DE000F3DB0 /* gpxqueryTests.xctest */;
			productType = "com.apple.product-type.bundle.unit-test";
		};
		8A71EFE42BBE63DF000F3DB0 /* gpxqueryUITests */ = {
			isa = PBXNativeTarget;
			buildConfigurationList = 8A71EFF52BBE63DF000F3DB0 /* Build configuration list for PBXNativeTarget "gpxqueryUITests" */;
			buildPhases = (
				8A71EFE12BBE63DF000F3DB0 /* Sources */,
				8A71EFE22BBE63DF000F3DB0 /* Frameworks */,
				8A71EFE32BBE63DF000F3DB0 /* Resources */,
			);
			buildRules = (
			);
			dependencies = (
				8A71EFE72BBE63DF000F3DB0 /* PBXTargetDependency */,
			);
			name = gpxqueryUITests;
			productName = gpxqueryUITests;
			productReference = 8A71EFE52BBE63DF000F3DB0 /* gpxqueryUITests.xctest */;
			productType = "com.apple.product-type.bundle.ui-testing";
		};
/* End PBXNativeTarget section */

/* Begin PBXProject section */
		8A71EFC22BBE63DD000F3DB0 /* Project object */ = {
			isa = PBXProject;
			attributes = {
				BuildIndependentTargetsInParallel = 1;
				LastSwiftUpdateCheck = 1520;
				LastUpgradeCheck = 1520;
				TargetAttributes = {
					8A71EFC92BBE63DD000F3DB0 = {
						CreatedOnToolsVersion = 15.2;
					};
					8A71EFDA2BBE63DE000F3DB0 = {
						CreatedOnToolsVersion = 15.2;
						TestTargetID = 8A71EFC92BBE63DD000F3DB0;
					};
					8A71EFE42BBE63DF000F3DB0 = {
						CreatedOnToolsVersion = 15.2;
						TestTargetID = 8A71EFC92BBE63DD000F3DB0;
					};
				};
			};
			buildConfigurationList = 8A71EFC52BBE63DD000F3DB0 /* Build configuration list for PBXProject "gpxquery" */;
			compatibilityVersion = "Xcode 14.0";
			developmentRegion = en;
			hasScannedForEncodings = 0;
			knownRegions = (
				en,
				Base,
			);
			mainGroup = 8A71EFC12BBE63DD000F3DB0;
			productRefGroup = 8A71EFCB2BBE63DD000F3DB0 /* Products */;
			projectDirPath = "";
			projectRoot = "";
			targets = (
				8A71EFC92BBE63DD000F3DB0 /* gpxquery */,
				8A71EFDA2BBE63DE000F3DB0 /* gpxqueryTests */,
				8A71EFE42BBE63DF000F3DB0 /* gpxqueryUITests */,
			);
		};
/* End PBXProject section */

/* Begin PBXResourcesBuildPhase section */
		8A71EFC82BBE63DD000F3DB0 /* Resources */ = {
			isa = PBXResourcesBuildPhase;
			buildActionMask = 2147483647;
			files = (
				8A71EFD52BBE63DE000F3DB0 /* Preview Assets.xcassets in Resources */,
				8A71EFD22BBE63DE000F3DB0 /* Assets.xcassets in Resources */,
			);
			runOnlyForDeploymentPostprocessing = 0;
		};
		8A71EFD92BBE63DE000F3DB0 /* Resources */ = {
			isa = PBXResourcesBuildPhase;
			buildActionMask = 2147483647;
			files = (
			);
			runOnlyForDeploymentPostprocessing = 0;
		};
		8A71EFE32BBE63DF000F3DB0 /* Resources */ = {
			isa = PBXResourcesBuildPhase;
			buildActionMask = 2147483647;
			files = (
			);
			runOnlyForDeploymentPostprocessing = 0;
		};
/* End PBXResourcesBuildPhase section */

/* Begin PBXSourcesBuildPhase section */
		8A71EFC62BBE63DD000F3DB0 /* Sources */ = {
			isa = PBXSourcesBuildPhase;
			buildActionMask = 2147483647;
			files = (
				8A71EFD02BBE63DD000F3DB0 /* ContentView.swift in Sources */,
				8A71EFCE2BBE63DD000F3DB0 /* gpxqueryApp.swift in Sources */,
			);
			runOnlyForDeploymentPostprocessing = 0;
		};
		8A71EFD72BBE63DE000F3DB0 /* Sources */ = {
			isa = PBXSourcesBuildPhase;
			buildActionMask = 2147483647;
			files = (
				8A71EFE02BBE63DE000F3DB0 /* gpxqueryTests.swift in Sources */,
			);
			runOnlyForDeploymentPostprocessing = 0;
		};
		8A71EFE12BBE63DF000F3DB0 /* Sources */ = {
			isa = PBXSourcesBuildPhase;
			buildActionMask = 2147483647;
			files = (
				8A71EFEC2BBE63DF000F3DB0 /* gpxqueryUITestsLaunchTests.swift in Sources */,
				8A71EFEA2BBE63DF000F3DB0 /* gpxqueryUITests.swift in Sources */,
			);
			runOnlyForDeploymentPostprocessing = 0;
		};
/* End PBXSourcesBuildPhase section */

/* Begin PBXTargetDependency section */
		8A71EFDD2BBE63DE000F3DB0 /* PBXTargetDependency */ = {
			isa = PBXTargetDependency;
			target = 8A71EFC92BBE63DD000F3DB0 /* gpxquery */;
			targetProxy = 8A71EFDC2BBE63DE000F3DB0 /* PBXContainerItemProxy */;
		};
		8A71EFE72BBE63DF000F3DB0 /* PBXTargetDependency */ = {
			isa = PBXTargetDependency;
			target = 8A71EFC92BBE63DD000F3DB0 /* gpxquery */;
			targetProxy = 8A71EFE62BBE63DF000F3DB0 /* PBXContainerItemProxy */;
		};
/* End PBXTargetDependency section */

/* Begin XCBuildConfiguration section */
		8A71EFED2BBE63DF000F3DB0 /* Debug */ = {
			isa = XCBuildConfiguration;
			buildSettings = {
				ALWAYS_SEARCH_USER_PATHS = NO;
				ASSETCATALOG_COMPILER_GENERATE_SWIFT_ASSET_SYMBOL_EXTENSIONS = YES;
				CLANG_ANALYZER_NONNULL = YES;
				CLANG_ANALYZER_NUMBER_OBJECT_CONVERSION = YES_AGGRESSIVE;
				CLANG_CXX_LANGUAGE_STANDARD = "gnu++20";
				CLANG_ENABLE_MODULES = YES;
				CLANG_ENABLE_OBJC_ARC = YES;
				CLANG_ENABLE_OBJC_WEAK = YES;
				CLANG_WARN_BLOCK_CAPTURE_AUTORELEASING = YES;
				CLANG_WARN_BOOL_CONVERSION = YES;
				CLANG_WARN_COMMA = YES;
				CLANG_WARN_CONSTANT_CONVERSION = YES;
				CLANG_WARN_DEPRECATED_OBJC_IMPLEMENTATIONS = YES;
				CLANG_WARN_DIRECT_OBJC_ISA_USAGE = YES_ERROR;
				CLANG_WARN_DOCUMENTATION_COMMENTS = YES;
				CLANG_WARN_EMPTY_BODY = YES;
				CLANG_WARN_ENUM_CONVERSION = YES;
				CLANG_WARN_INFINITE_RECURSION = YES;
				CLANG_WARN_INT_CONVERSION = YES;
				CLANG_WARN_NON_LITERAL_NULL_CONVERSION = YES;
				CLANG_WARN_OBJC_IMPLICIT_RETAIN_SELF = YES;
				CLANG_WARN_OBJC_LITERAL_CONVERSION = YES;
				CLANG_WARN_OBJC_ROOT_CLASS = YES_ERROR;
				CLANG_WARN_QUOTED_INCLUDE_IN_FRAMEWORK_HEADER = YES;
				CLANG_WARN_RANGE_LOOP_ANALYSIS = YES;
				CLANG_WARN_STRICT_PROTOTYPES = YES;
				CLANG_WARN_SUSPICIOUS_MOVE = YES;
				CLANG_WARN_UNGUARDED_AVAILABILITY = YES_AGGRESSIVE;
				CLANG_WARN_UNREACHABLE_CODE = YES;
				CLANG_WARN__DUPLICATE_METHOD_MATCH = YES;
				COPY_PHASE_STRIP = NO;
				DEBUG_INFORMATION_FORMAT = dwarf;
				ENABLE_STRICT_OBJC_MSGSEND = YES;
				ENABLE_TESTABILITY = YES;
				ENABLE_USER_SCRIPT_SANDBOXING = YES;
				GCC_C_LANGUAGE_STANDARD = gnu17;
				GCC_DYNAMIC_NO_PIC = NO;
				GCC_NO_COMMON_BLOCKS = YES;
				GCC_OPTIMIZATION_LEVEL = 0;
				GCC_PREPROCESSOR_DEFINITIONS = (
					"DEBUG=1",
					"$(inherited)",
				);
				GCC_WARN_64_TO_32_BIT_CONVERSION = YES;
				GCC_WARN_ABOUT_RETURN_TYPE = YES_ERROR;
				GCC_WARN_UNDECLARED_SELECTOR = YES;
				GCC_WARN_UNINITIALIZED_AUTOS = YES_AGGRESSIVE;
				GCC_WARN_UNUSED_FUNCTION = YES;
				GCC_WARN_UNUSED_VARIABLE = YES;
				LOCALIZATION_PREFERS_STRING_CATALOGS = YES;
				MACOSX_DEPLOYMENT_TARGET = 13.5;
				MTL_ENABLE_DEBUG_INFO = INCLUDE_SOURCE;
				MTL_FAST_MATH = YES;
				ONLY_ACTIVE_ARCH = YES;
				SDKROOT = macosx;
				SWIFT_ACTIVE_COMPILATION_CONDITIONS = "DEBUG $(inherited)";
				SWIFT_OPTIMIZATION_LEVEL = "-Onone";
			};
			name = Debug;
		};
		8A71EFEE2BBE63DF000F3DB0 /* Release */ = {
			isa = XCBuildConfiguration;
			buildSettings = {
				ALWAYS_SEARCH_USER_PATHS = NO;
				ASSETCATALOG_COMPILER_GENERATE_SWIFT_ASSET_SYMBOL_EXTENSIONS = YES;
				CLANG_ANALYZER_NONNULL = YES;
				CLANG_ANALYZER_NUMBER_OBJECT_CONVERSION = YES_AGGRESSIVE;
				CLANG_CXX_LANGUAGE_STANDARD = "gnu++20";
				CLANG_ENABLE_MODULES = YES;
				CLANG_ENABLE_OBJC_ARC = YES;
				CLANG_ENABLE_OBJC_WEAK = YES;
				CLANG_WARN_BLOCK_CAPTURE_AUTORELEASING = YES;
				CLANG_WARN_BOOL_CONVERSION = YES;
				CLANG_WARN_COMMA = YES;
				CLANG_WARN_CONSTANT_CONVERSION = YES;
				CLANG_WARN_DEPRECATED_OBJC_IMPLEMENTATIONS = YES;
				CLANG_WARN_DIRECT_OBJC_ISA_USAGE = YES_ERROR;
				CLANG_WARN_DOCUMENTATION_COMMENTS = YES;
				CLANG_WARN_EMPTY_BODY = YES;
				CLANG_WARN_ENUM_CONVERSION = YES;
				CLANG_WARN_INFINITE_RECURSION = YES;
				CLANG_WARN_INT_CONVERSION = YES;
				CLANG_WARN_NON_LITERAL_NULL_CONVERSION = YES;
				CLANG_WARN_OBJC_IMPLICIT_RETAIN_SELF = YES;
				CLANG_WARN_OBJC_LITERAL_CONVERSION = YES;
				CLANG_WARN_OBJC_ROOT_CLASS = YES_ERROR;
				CLANG_WARN_QUOTED_INCLUDE_IN_FRAMEWORK_HEADER = YES;
				CLANG_WARN_RANGE_LOOP_ANALYSIS = YES;
				CLANG_WARN_STRICT_PROTOTYPES = YES;
				CLANG_WARN_SUSPICIOUS_MOVE = YES;
				CLANG_WARN_UNGUARDED_AVAILABILITY = YES_AGGRESSIVE;
				CLANG_WARN_UNREACHABLE_CODE = YES;
				CLANG_WARN__DUPLICATE_METHOD_MATCH = YES;
				COPY_PHASE_STRIP = NO;
				DEBUG_INFORMATION_FORMAT = "dwarf-with-dsym";
				ENABLE_NS_ASSERTIONS = NO;
				ENABLE_STRICT_OBJC_MSGSEND = YES;
				ENABLE_USER_SCRIPT_SANDBOXING = YES;
				GCC_C_LANGUAGE_STANDARD = gnu17;
				GCC_NO_COMMON_BLOCKS = YES;
				GCC_WARN_64_TO_32_BIT_CONVERSION = YES;
				GCC_WARN_ABOUT_RETURN_TYPE = YES_ERROR;
				GCC_WARN_UNDECLARED_SELECTOR = YES;
				GCC_WARN_UNINITIALIZED_AUTOS = YES_AGGRESSIVE;
				GCC_WARN_UNUSED_FUNCTION = YES;
				GCC_WARN_UNUSED_VARIABLE = YES;
				LOCALIZATION_PREFERS_STRING_CATALOGS = YES;
				MACOSX_DEPLOYMENT_TARGET = 13.5;
				MTL_ENABLE_DEBUG_INFO = NO;
				MTL_FAST_MATH = YES;
				SDKROOT = macosx;
				SWIFT_COMPILATION_MODE = wholemodule;
			};
			name = Release;
		};
		8A71EFF02BBE63DF000F3DB0 /* Debug */ = {
			isa = XCBuildConfiguration;
			buildSettings = {
				ASSETCATALOG_COMPILER_APPICON_NAME = AppIcon;
				ASSETCATALOG_COMPILER_GLOBAL_ACCENT_COLOR_NAME = AccentColor;
				CODE_SIGN_ENTITLEMENTS = gpxquery/gpxquery.entitlements;
				CODE_SIGN_STYLE = Automatic;
				COMBINE_HIDPI_IMAGES = YES;
				CURRENT_PROJECT_VERSION = 1;
				DEVELOPMENT_ASSET_PATHS = "\"gpxquery/Preview Content\"";
				ENABLE_PREVIEWS = YES;
				GENERATE_INFOPLIST_FILE = YES;
				INFOPLIST_KEY_NSHumanReadableCopyright = "";
				LD_RUNPATH_SEARCH_PATHS = (
					"$(inherited)",
					"@executable_path/../Frameworks",
				);
				MACOSX_DEPLOYMENT_TARGET = 13.5;
				MARKETING_VERSION = 1.0;
				PRODUCT_BUNDLE_IDENTIFIER = app.ryought.gpxquery;
				PRODUCT_NAME = "$(TARGET_NAME)";
				SWIFT_EMIT_LOC_STRINGS = YES;
				SWIFT_VERSION = 5.0;
			};
			name = Debug;
		};
		8A71EFF12BBE63DF000F3DB0 /* Release */ = {
			isa = XCBuildConfiguration;
			buildSettings = {
				ASSETCATALOG_COMPILER_APPICON_NAME = AppIcon;
				ASSETCATALOG_COMPILER_GLOBAL_ACCENT_COLOR_NAME = AccentColor;
				CODE_SIGN_ENTITLEMENTS = gpxquery/gpxquery.entitlements;
				CODE_SIGN_STYLE = Automatic;
				COMBINE_HIDPI_IMAGES = YES;
				CURRENT_PROJECT_VERSION = 1;
				DEVELOPMENT_ASSET_PATHS = "\"gpxquery/Preview Content\"";
				ENABLE_PREVIEWS = YES;
				GENERATE_INFOPLIST_FILE = YES;
				INFOPLIST_KEY_NSHumanReadableCopyright = "";
				LD_RUNPATH_SEARCH_PATHS = (
					"$(inherited)",
					"@executable_path/../Frameworks",
				);
				MACOSX_DEPLOYMENT_TARGET = 13.5;
				MARKETING_VERSION = 1.0;
				PRODUCT_BUNDLE_IDENTIFIER = app.ryought.gpxquery;
				PRODUCT_NAME = "$(TARGET_NAME)";
				SWIFT_EMIT_LOC_STRINGS = YES;
				SWIFT_VERSION = 5.0;
			};
			name = Release;
		};
		8A71EFF32BBE63DF000F3DB0 /* Debug */ = {
			isa = XCBuildConfiguration;
			buildSettings = {
				ALWAYS_EMBED_SWIFT_STANDARD_LIBRARIES = YES;
				BUNDLE_LOADER = "$(TEST_HOST)";
				CODE_SIGN_STYLE = Automatic;
				CURRENT_PROJECT_VERSION = 1;
				GENERATE_INFOPLIST_FILE = YES;
				MACOSX_DEPLOYMENT_TARGET = 13.5;
				MARKETING_VERSION = 1.0;
				PRODUCT_BUNDLE_IDENTIFIER = app.ryought.gpxqueryTests;
				PRODUCT_NAME = "$(TARGET_NAME)";
				SWIFT_EMIT_LOC_STRINGS = NO;
				SWIFT_VERSION = 5.0;
				TEST_HOST = "$(BUILT_PRODUCTS_DIR)/gpxquery.app/$(BUNDLE_EXECUTABLE_FOLDER_PATH)/gpxquery";
			};
			name = Debug;
		};
		8A71EFF42BBE63DF000F3DB0 /* Release */ = {
			isa = XCBuildConfiguration;
			buildSettings = {
				ALWAYS_EMBED_SWIFT_STANDARD_LIBRARIES = YES;
				BUNDLE_LOADER = "$(TEST_HOST)";
				CODE_SIGN_STYLE = Automatic;
				CURRENT_PROJECT_VERSION = 1;
				GENERATE_INFOPLIST_FILE = YES;
				MACOSX_DEPLOYMENT_TARGET = 13.5;
				MARKETING_VERSION = 1.0;
				PRODUCT_BUNDLE_IDENTIFIER = app.ryought.gpxqueryTests;
				PRODUCT_NAME = "$(TARGET_NAME)";
				SWIFT_EMIT_LOC_STRINGS = NO;
				SWIFT_VERSION = 5.0;
				TEST_HOST = "$(BUILT_PRODUCTS_DIR)/gpxquery.app/$(BUNDLE_EXECUTABLE_FOLDER_PATH)/gpxquery";
			};
			name = Release;
		};
		8A71EFF62BBE63DF000F3DB0 /* Debug */ = {
			isa = XCBuildConfiguration;
			buildSettings = {
				ALWAYS_EMBED_SWIFT_STANDARD_LIBRARIES = YES;
				CODE_SIGN_STYLE = Automatic;
				CURRENT_PROJECT_VERSION = 1;
				GENERATE_INFOPLIST_FILE = YES;
				MARKETING_VERSION = 1.0;
				PRODUCT_BUNDLE_IDENTIFIER = app.ryought.gpxqueryUITests;
				PRODUCT_NAME = "$(TARGET_NAME)";
				SWIFT_EMIT_LOC_STRINGS = NO;
				SWIFT_VERSION = 5.0;
				TEST_TARGET_NAME = gpxquery;
			};
			name = Debug;
		};
		8A71EFF72BBE63DF000F3DB0 /* Release */ = {
			isa = XCBuildConfiguration;
			buildSettings = {
				ALWAYS_EMBED_SWIFT_STANDARD_LIBRARIES = YES;
				CODE_SIGN_STYLE = Automatic;
				CURRENT_PROJECT_VERSION = 1;
				GENERATE_INFOPLIST_FILE = YES;
				MARKETING_VERSION = 1.0;
				PRODUCT_BUNDLE_IDENTIFIER = app.ryought.gpxqueryUITests;
				PRODUCT_NAME = "$(TARGET_NAME)";
				SWIFT_EMIT_LOC_STRINGS = NO;
				SWIFT_VERSION = 5.0;
				TEST_TARGET_NAME = gpxquery;
			};
			name = Release;
		};
/* End XCBuildConfiguration section */

/* Begin XCConfigurationList section */
		8A71EFC52BBE63DD000F3DB0 /* Build configuration list for PBXProject "gpxquery" */ = {
			isa = XCConfigurationList;
			buildConfigurations = (
				8A71EFED2BBE63DF000F3DB0 /* Debug */,
				8A71EFEE2BBE63DF000F3DB0 /* Release */,
			);
			defaultConfigurationIsVisible = 0;
			defaultConfigurationName = Release;
		};
		8A71EFEF2BBE63DF000F3DB0 /* Build configuration list for PBXNativeTarget "gpxquery" */ = {
			isa = XCConfigurationList;
			buildConfigurations = (
				8A71EFF02BBE63DF000F3DB0 /* Debug */,
				8A71EFF12BBE63DF000F3DB0 /* Release */,
			);
			defaultConfigurationIsVisible = 0;
			defaultConfigurationName = Release;
		};
		8A71EFF22BBE63DF000F3DB0 /* Build configuration list for PBXNativeTarget "gpxqueryTests" */ = {
			isa = XCConfigurationList;
			buildConfigurations = (
				8A71EFF32BBE63DF000F3DB0 /* Debug */,
				8A71EFF42BBE63DF000F3DB0 /* Release */,
			);
			defaultConfigurationIsVisible = 0;
			defaultConfigurationName = Release;
		};
		8A71EFF52BBE63DF000F3DB0 /* Build configuration list for PBXNativeTarget "gpxqueryUITests" */ = {
			isa = XCConfigurationList;
			buildConfigurations = (
				8A71EFF62BBE63DF000F3DB0 /* Debug */,
				8A71EFF72BBE63DF000F3DB0 /* Release */,
			);
			defaultConfigurationIsVisible = 0;
			defaultConfigurationName = Release;
		};
/* End XCConfigurationList section */
	};
	rootObject = 8A71EFC22BBE63DD000F3DB0 /* Project object */;
}
